github.com/NVIDIA/gontainer/v2 v2.3.1 h1:CGZJLcBICn4z2VzsY1nlOXpi5k3PUpv3Tp6LaT2vkJQ=
github.com/NVIDIA/gontainer/v2 v2.3.1/go.mod h1:itUlioyrCwQsdDi5bY1T1WW4S6uvsVaRIEiCaOehi10=
github.com/aclements/go-moremath v0.0.0-20241023150245-c8bbc672ef66 h1:siNQlUMcFUDZWCOt0p+RHl7et5Nnwwyq/sFZmr4iG1I=
github.com/aclements/go-moremath v0.0.0-20241023150245-c8bbc672ef66/go.mod h1:FDw7qicTbJ1y1SZcNnOvym2BogPdC3lY9Z1iUM4MVhw=
github.com/davecgh/go-spew v1.1.1 h1:vj9j/u1bqnvCEfJOwUhtlOARqs3+rkHYY13jYWTU97c=
github.com/davecgh/go-spew v1.1.1/go.mod h1:J7Y8YcW2NihsgmVo/mv3lAwl/skON4iLHjSsI+c5H38=
github.com/pmezard/go-difflib v1.0.0 h1:4DBwDE0NGyQoBHbLQYPwSUPoCMWR5BEzIk/f1lZbAQM=
github.com/pmezard/go-difflib v1.0.0/go.mod h1:iKH77koFhYxTK1pcRnkKkqfTogsbg7gZNVY4sRDYZ/4=
github.com/samber/do/v2 v2.0.0 h1:tnunwWaoqSfJ9hxVIaJawIo7JXHQlqT9d9YBXlE9Keg=
github.com/samber/do/v2 v2.0.0/go.mod h1:ZSBCE7Xr6nTNIOVo4DBrkl2+ydUbIOzJjjdV8En5XO4=
github.com/samber/go-type-to-string v1.8.0 h1:5z6tDTjtXxkIAoAuHAZYMYR8mkBZjVgeSH7jcSLqc8w=
github.com/samber/go-type-to-string v1.8.0/go.mod h1:jpU77vIDoIxkahknKDoEx9C8bQ1ADnh2sotZ8I4QqBU=
github.com/stretchr/testify v1.11.1 h1:7s2iGBzp5EwR7/aIZr8ao5+dra3wiQyKjjFuvgVKu7U=
github.com/stretchr/testify v1.11.1/go.mod h1:wZwfW3scLgRK+23gO65QZefKpKQRnfz6sD981Nm4B6U=
github.com/wrapped-owls/goremy-di/remy v1.12.0 h1:YYSyj4hDuYdDBs3nAJIvxtRbB2HmeK7HJsBc8tnAVO0=
github.com/wrapped-owls/goremy-di/remy v1.12.0/go.mod h1:u3y4TeiYnQNaEhKRbl3tyKPFpH8m/bV5wRenf4KmaDs=
go.uber.org/dig v1.19.0 h1:BACLhebsYdpQ7IROQ1AGPjrXcP5dF80U3gKoFzbaq/4=
go.uber.org/dig v1.19.0/go.mod h1:Us0rSJiThwCv2GteUN0Q7OKvU7n5J4dxZ9JKUXozFdE=
golang.org/x/perf v0.0.0-20260409210113-8e83ce0f7b1c h1:rOAIsN39Q2RCgXyAHfrbTD5Za05y4mlAyjpMYuWkd+c=
golang.org/x/perf v0.0.0-20260409210113-8e83ce0f7b1c/go.mod h1:rnEaOwDCCtaJfxjDR2KkhYIA+WmNRfQCfxL4gGPfDyo=
gopkg.in/yaml.v3 v3.0.1 h1:fxVm/GzAzEWqLHuvctI91KS9hhNmmWOoWu0XTYJS7CA=
gopkg.in/yaml.v3 v3.0.1/go.mod h1:K4uyk7z7BCEPqu6E+C64Yfv1cQ7kz7rIZviUmN+EgEM=
