github.com/NVIDIA/gontainer/v2 v2.5.1 h1:Gq6RkFkKUZoioGHKr2KdXj+ACGV0zVMhgZyAaz5+M8I=
github.com/NVIDIA/gontainer/v2 v2.5.1/go.mod h1:itUlioyrCwQsdDi5bY1T1WW4S6uvsVaRIEiCaOehi10=
github.com/aclements/go-moremath v0.0.0-20241023150245-c8bbc672ef66 h1:siNQlUMcFUDZWCOt0p+RHl7et5Nnwwyq/sFZmr4iG1I=
github.com/aclements/go-moremath v0.0.0-20241023150245-c8bbc672ef66/go.mod h1:FDw7qicTbJ1y1SZcNnOvym2BogPdC3lY9Z1iUM4MVhw=
github.com/davecgh/go-spew v1.1.1 h1:vj9j/u1bqnvCEfJOwUhtlOARqs3+rkHYY13jYWTU97c=
github.com/davecgh/go-spew v1.1.1/go.mod h1:J7Y8YcW2NihsgmVo/mv3lAwl/skON4iLHjSsI+c5H38=
github.com/pmezard/go-difflib v1.0.0 h1:4DBwDE0NGyQoBHbLQYPwSUPoCMWR5BEzIk/f1lZbAQM=
github.com/pmezard/go-difflib v1.0.0/go.mod h1:iKH77koFhYxTK1pcRnkKkqfTogsbg7gZNVY4sRDYZ/4=
github.com/samber/do/v2 v2.1.0 h1:lqCHn05XvY3VqwxvZDQPSkH+jIGWSVHUrSVLEbPOopo=
github.com/samber/do/v2 v2.1.0/go.mod h1:wJBoiaZcUZyGuraOhfz15b517ZMogGs+U03DvnqvT6Q=
github.com/samber/go-type-to-string v1.8.0 h1:5z6tDTjtXxkIAoAuHAZYMYR8mkBZjVgeSH7jcSLqc8w=
github.com/samber/go-type-to-string v1.8.0/go.mod h1:jpU77vIDoIxkahknKDoEx9C8bQ1ADnh2sotZ8I4QqBU=
github.com/stretchr/testify v1.7.1 h1:5TQK59W5E3v0r2duFAb7P95B6hEeOyEnHRa8MjYSMTY=
github.com/stretchr/testify v1.7.1/go.mod h1:6Fq8oRcR53rry900zMqJjRRixrwX3KX962/h/Wwjteg=
github.com/wrapped-owls/goremy-di/remy v1.12.0 h1:YYSyj4hDuYdDBs3nAJIvxtRbB2HmeK7HJsBc8tnAVO0=
github.com/wrapped-owls/goremy-di/remy v1.12.0/go.mod h1:u3y4TeiYnQNaEhKRbl3tyKPFpH8m/bV5wRenf4KmaDs=
go.uber.org/dig v1.19.0 h1:BACLhebsYdpQ7IROQ1AGPjrXcP5dF80U3gKoFzbaq/4=
go.uber.org/dig v1.19.0/go.mod h1:Us0rSJiThwCv2GteUN0Q7OKvU7n5J4dxZ9JKUXozFdE=
golang.org/x/perf v0.0.0-20260709024250-82a0b07e230d h1:mDNWm9XMiduP5opv8zcdZJixEU5+yBIj1hefXe09kSY=
golang.org/x/perf v0.0.0-20260709024250-82a0b07e230d/go.mod h1:N6rE9oqNql+XyUUA7hIpm+CorIvF5RWMdE7+p0BiB5s=
gopkg.in/yaml.v3 v3.0.1 h1:fxVm/GzAzEWqLHuvctI91KS9hhNmmWOoWu0XTYJS7CA=
gopkg.in/yaml.v3 v3.0.1/go.mod h1:K4uyk7z7BCEPqu6E+C64Yfv1cQ7kz7rIZviUmN+EgEM=
