github.com/mattn/go-sqlite3 v1.14.12 h1:TJ1bhYJPV44phC+IMu1u2K/i5RriLTPe+yc68XDJ1Z0=
github.com/mattn/go-sqlite3 v1.14.12/go.mod h1:NyWgC/yNuGj7Q9rpYnZvas74GogHl5/Z4A/KQRfk6bU=
github.com/wrapped-owls/talaria-di/gotalaria v0.0.0-20220512045932-81ca2c05c759 h1:SA5wxFLeH1JZKPK5yyCCDWJETVSTC5kYq9Mo2RLxbEA=
github.com/wrapped-owls/talaria-di/gotalaria v0.0.0-20220512045932-81ca2c05c759/go.mod h1:nZUFlUamrdm6MHhiGb3djpYzb/hPEusFsjEoHibMiQY=
