github.com/mattn/go-sqlite3 v1.14.14 h1:qZgc/Rwetq+MtyE18WhzjokPD93dNqLGNT3QJuLvBGw=
github.com/mattn/go-sqlite3 v1.14.14/go.mod h1:NyWgC/yNuGj7Q9rpYnZvas74GogHl5/Z4A/KQRfk6bU=
github.com/wrapped-owls/goremy-di/remy v1.4.0 h1:5QCQ5KmEc7yaH2KXLP+88JlntRoiSTsmp7upplzz9eU=
github.com/wrapped-owls/goremy-di/remy v1.4.0/go.mod h1:qYN9E07yip4Vw4oihsMq05IgLSMvFKsjrA/Ca79zq8w=
