github.com/mattn/go-sqlite3 v1.14.22 h1:2gZY6PC6kBnID23Tichd1K+Z0oS6nE/XwU+Vz/5o4kU=
github.com/mattn/go-sqlite3 v1.14.22/go.mod h1:Uh1q+B4BYcTPb+yiD3kU8Ct7aC0hY9fxUwlHK0RXw+Y=
github.com/wrapped-owls/goremy-di/remy v1.8.0 h1:dcCV+acizHoa1DJDjMN2nrH7oxi6Ftx7eda8wy2H+tY=
github.com/wrapped-owls/goremy-di/remy v1.8.0/go.mod h1:u3y4TeiYnQNaEhKRbl3tyKPFpH8m/bV5wRenf4KmaDs=
github.com/wrapped-owls/goremy-di/remy v1.8.2 h1:h5V/oU39az13jjC/s6GziyYDS4N4Tvpt9fJ4DeO6AhE=
github.com/wrapped-owls/goremy-di/remy v1.8.2/go.mod h1:u3y4TeiYnQNaEhKRbl3tyKPFpH8m/bV5wRenf4KmaDs=
